// !$*UTF8*$!
{
	archiveVersion = 1;
	classes = {
	};
	objectVersion = 55;
	objects = {

/* Begin PBXBuildFile section */
		DC0193172819800900A799C0 /* AlertManager.swift in Sources */ = {isa = PBXBuildFile; fileRef = DC0193162819800900A799C0 /* AlertManager.swift */; };
		DC01931B281ACE1800A799C0 /* CustomAuthUITextField.swift in Sources */ = {isa = PBXBuildFile; fileRef = DC01931A281ACE1800A799C0 /* CustomAuthUITextField.swift */; };
		DC01931D281AD3BA00A799C0 /* CustomRoundedUIButton.swift in Sources */ = {isa = PBXBuildFile; fileRef = DC01931C281AD3BA00A799C0 /* CustomRoundedUIButton.swift */; };
		DC02F35F280499E500A336DC /* StartViewController.swift in Sources */ = {isa = PBXBuildFile; fileRef = DC02F35E280499E500A336DC /* StartViewController.swift */; };
		DC02F3612804A28C00A336DC /* LoginViewController.swift in Sources */ = {isa = PBXBuildFile; fileRef = DC02F3602804A28C00A336DC /* LoginViewController.swift */; };
		DC02F3632804A83900A336DC /* SignupViewController.swift in Sources */ = {isa = PBXBuildFile; fileRef = DC02F3622804A83900A336DC /* SignupViewController.swift */; };
		DC0AF02F27BAD3EF0006830F /* ScheduleCell.swift in Sources */ = {isa = PBXBuildFile; fileRef = DC0AF02E27BAD3EF0006830F /* ScheduleCell.swift */; };
		DC0AF03927BEC91B0006830F /* Schedule+constants.swift in Sources */ = {isa = PBXBuildFile; fileRef = DC0AF03827BEC91B0006830F /* Schedule+constants.swift */; };
		DC15FF7B280A049800F2D10B /* UserProfileViewController.swift in Sources */ = {isa = PBXBuildFile; fileRef = DC15FF7A280A049800F2D10B /* UserProfileViewController.swift */; };
		DC1826582808392D00A6A9CF /* GoogleService-Info.plist in Resources */ = {isa = PBXBuildFile; fileRef = DC1826572808392D00A6A9CF /* GoogleService-Info.plist */; };
		DC283CC4280EE19200C7042B /* NavigationStackManager.swift in Sources */ = {isa = PBXBuildFile; fileRef = DC283CC3280EE19200C7042B /* NavigationStackManager.swift */; };
		DC49405A282A699D00448ACC /* CustomProfileUIImageView.swift in Sources */ = {isa = PBXBuildFile; fileRef = DC494059282A699D00448ACC /* CustomProfileUIImageView.swift */; };
		DC49405C282C4CCB00448ACC /* UIIImageView+loadImages.swift in Sources */ = {isa = PBXBuildFile; fileRef = DC49405B282C4CCB00448ACC /* UIIImageView+loadImages.swift */; };
		DC4CF89D281437E000DC1DA0 /* PasswordRecoveryViewController.swift in Sources */ = {isa = PBXBuildFile; fileRef = DC4CF89C281437E000DC1DA0 /* PasswordRecoveryViewController.swift */; };
		DC4E5932287D9438003B2203 /* UICollectionView+scrollToLastItem+contentInsets.swift in Sources */ = {isa = PBXBuildFile; fileRef = DC4E5931287D9438003B2203 /* UICollectionView+scrollToLastItem+contentInsets.swift */; };
		DC4E5934287DAC36003B2203 /* AlertManager+singleton.swift in Sources */ = {isa = PBXBuildFile; fileRef = DC4E5933287DAC36003B2203 /* AlertManager+singleton.swift */; };
		DC4E5936287DB05D003B2203 /* NavigationStackManager+singleton.swift in Sources */ = {isa = PBXBuildFile; fileRef = DC4E5935287DB05D003B2203 /* NavigationStackManager+singleton.swift */; };
		DC4E5938287DB088003B2203 /* KeyboardManager+singleton.swift in Sources */ = {isa = PBXBuildFile; fileRef = DC4E5937287DB088003B2203 /* KeyboardManager+singleton.swift */; };
		DC4E593A287EF09C003B2203 /* CustomConfigurationUIButton.swift in Sources */ = {isa = PBXBuildFile; fileRef = DC4E5939287EF09C003B2203 /* CustomConfigurationUIButton.swift */; };
		DC66C1C3281AE75D00B537E1 /* CustomUILabel.swift in Sources */ = {isa = PBXBuildFile; fileRef = DC66C1C2281AE75D00B537E1 /* CustomUILabel.swift */; };
		DC6953FB2881EED700732824 /* FirebaseAnalytics in Frameworks */ = {isa = PBXBuildFile; productRef = DC6953FA2881EED700732824 /* FirebaseAnalytics */; };
		DC6953FD2881EED700732824 /* FirebaseAuth in Frameworks */ = {isa = PBXBuildFile; productRef = DC6953FC2881EED700732824 /* FirebaseAuth */; };
		DC6953FF2881EED700732824 /* FirebaseDatabase in Frameworks */ = {isa = PBXBuildFile; productRef = DC6953FE2881EED700732824 /* FirebaseDatabase */; };
		DC6954012881EED700732824 /* FirebaseStorage in Frameworks */ = {isa = PBXBuildFile; productRef = DC6954002881EED700732824 /* FirebaseStorage */; };
		DC6F677528215CB000481FE8 /* CustomScheduleUITextField.swift in Sources */ = {isa = PBXBuildFile; fileRef = DC6F677428215CB000481FE8 /* CustomScheduleUITextField.swift */; };
		DC6F677728215E5600481FE8 /* ScreenForSaveSubjectViewController.swift in Sources */ = {isa = PBXBuildFile; fileRef = DC6F677628215E5600481FE8 /* ScreenForSaveSubjectViewController.swift */; };
		DC6F677B28215E9800481FE8 /* UserManager+singleton.swift in Sources */ = {isa = PBXBuildFile; fileRef = DC6F677A28215E9800481FE8 /* UserManager+singleton.swift */; };
		DC6F677F28215EAA00481FE8 /* UISegmentedControl+addItems.swift in Sources */ = {isa = PBXBuildFile; fileRef = DC6F677E28215EAA00481FE8 /* UISegmentedControl+addItems.swift */; };
		DC6F678128215EBF00481FE8 /* UserManager.swift in Sources */ = {isa = PBXBuildFile; fileRef = DC6F678028215EBF00481FE8 /* UserManager.swift */; };
		DC6F67852821653900481FE8 /* Schedule.swift in Sources */ = {isa = PBXBuildFile; fileRef = DC6F67842821653900481FE8 /* Schedule.swift */; };
		DC7E040027A98A1D00E036AE /* AppDelegate.swift in Sources */ = {isa = PBXBuildFile; fileRef = DC7E03FF27A98A1D00E036AE /* AppDelegate.swift */; };
		DC7E040227A98A1D00E036AE /* SceneDelegate.swift in Sources */ = {isa = PBXBuildFile; fileRef = DC7E040127A98A1D00E036AE /* SceneDelegate.swift */; };
		DC7E040427A98A1D00E036AE /* ScheduleViewController.swift in Sources */ = {isa = PBXBuildFile; fileRef = DC7E040327A98A1D00E036AE /* ScheduleViewController.swift */; };
		DC7E040727A98A1D00E036AE /* Main.storyboard in Resources */ = {isa = PBXBuildFile; fileRef = DC7E040527A98A1D00E036AE /* Main.storyboard */; };
		DC7E040A27A98A1D00E036AE /* Companion.xcdatamodeld in Sources */ = {isa = PBXBuildFile; fileRef = DC7E040827A98A1D00E036AE /* Companion.xcdatamodeld */; };
		DC7E040C27A98A1E00E036AE /* Assets.xcassets in Resources */ = {isa = PBXBuildFile; fileRef = DC7E040B27A98A1E00E036AE /* Assets.xcassets */; };
		DC7E040F27A98A1E00E036AE /* LaunchScreen.storyboard in Resources */ = {isa = PBXBuildFile; fileRef = DC7E040D27A98A1E00E036AE /* LaunchScreen.storyboard */; };
		DC92520127AE84DC00CC200B /* Color.swift in Sources */ = {isa = PBXBuildFile; fileRef = DC92520027AE84DC00CC200B /* Color.swift */; };
		DC96F3E52835175100774F49 /* Chat.swift in Sources */ = {isa = PBXBuildFile; fileRef = DC96F3E42835175100774F49 /* Chat.swift */; };
		DC96F3E72835224000774F49 /* ChatCell.swift in Sources */ = {isa = PBXBuildFile; fileRef = DC96F3E62835224000774F49 /* ChatCell.swift */; };
		DC96F3E9283524B600774F49 /* Chat+constants.swift in Sources */ = {isa = PBXBuildFile; fileRef = DC96F3E8283524B600774F49 /* Chat+constants.swift */; };
		DC97645C281D4D620088F271 /* UserDefaults+keys.swift in Sources */ = {isa = PBXBuildFile; fileRef = DC97645B281D4D620088F271 /* UserDefaults+keys.swift */; };
		DC9F9D7F282E682200D48201 /* CustomProfileUIImageViewWithConfig.swift in Sources */ = {isa = PBXBuildFile; fileRef = DC9F9D7E282E682200D48201 /* CustomProfileUIImageViewWithConfig.swift */; };
		DC9F9D81282EAA5500D48201 /* ChatCollectionViewController.swift in Sources */ = {isa = PBXBuildFile; fileRef = DC9F9D80282EAA5400D48201 /* ChatCollectionViewController.swift */; };
		DCA8EE922842C11A00B48A06 /* MessageCell.swift in Sources */ = {isa = PBXBuildFile; fileRef = DCA8EE912842C11A00B48A06 /* MessageCell.swift */; };
		DCA8EE942842C6DC00B48A06 /* Message+constants.swift in Sources */ = {isa = PBXBuildFile; fileRef = DCA8EE932842C6DC00B48A06 /* Message+constants.swift */; };
		DCA8EE962845242E00B48A06 /* Storyboards+IdentifierKeys.swift in Sources */ = {isa = PBXBuildFile; fileRef = DCA8EE952845242E00B48A06 /* Storyboards+IdentifierKeys.swift */; };
		DCB2046427B442AB00B26AAB /* UIView+constraints.swift in Sources */ = {isa = PBXBuildFile; fileRef = DCB2046327B442AB00B26AAB /* UIView+constraints.swift */; };
		DCC2D67528786089000402F4 /* KeyboardManager.swift in Sources */ = {isa = PBXBuildFile; fileRef = DCC2D67428786089000402F4 /* KeyboardManager.swift */; };
		DCC66221282D909600B915B2 /* FirebaseManager+singleton.swift in Sources */ = {isa = PBXBuildFile; fileRef = DCC66220282D909600B915B2 /* FirebaseManager+singleton.swift */; };
		DCC66223282D910900B915B2 /* UIImageView+constants.swift in Sources */ = {isa = PBXBuildFile; fileRef = DCC66222282D910900B915B2 /* UIImageView+constants.swift */; };
		DCDA642928252EA40002C09D /* MessengerTableViewController.swift in Sources */ = {isa = PBXBuildFile; fileRef = DCDA642828252EA40002C09D /* MessengerTableViewController.swift */; };
		DCDA642B2825464F0002C09D /* ListOfUsersTableViewController.swift in Sources */ = {isa = PBXBuildFile; fileRef = DCDA642A2825464F0002C09D /* ListOfUsersTableViewController.swift */; };
		DCDA642F282553A70002C09D /* FirebaseManager.swift in Sources */ = {isa = PBXBuildFile; fileRef = DCDA642E282553A70002C09D /* FirebaseManager.swift */; };
		DCDA6431282579280002C09D /* User.swift in Sources */ = {isa = PBXBuildFile; fileRef = DCDA6430282579280002C09D /* User.swift */; };
		DCDA64332825B9370002C09D /* UserCell.swift in Sources */ = {isa = PBXBuildFile; fileRef = DCDA64322825B9370002C09D /* UserCell.swift */; };
		DCDA64352825BC400002C09D /* User+constants.swift in Sources */ = {isa = PBXBuildFile; fileRef = DCDA64342825BC400002C09D /* User+constants.swift */; };
		DCF504E7287445FC006489C6 /* UserManager+constants.swift in Sources */ = {isa = PBXBuildFile; fileRef = DCF504E6287445FC006489C6 /* UserManager+constants.swift */; };
/* End PBXBuildFile section */

/* Begin PBXFileReference section */
		DC0193162819800900A799C0 /* AlertManager.swift */ = {isa = PBXFileReference; lastKnownFileType = sourcecode.swift; path = AlertManager.swift; sourceTree = "<group>"; };
		DC01931A281ACE1800A799C0 /* CustomAuthUITextField.swift */ = {isa = PBXFileReference; lastKnownFileType = sourcecode.swift; path = CustomAuthUITextField.swift; sourceTree = "<group>"; };
		DC01931C281AD3BA00A799C0 /* CustomRoundedUIButton.swift */ = {isa = PBXFileReference; lastKnownFileType = sourcecode.swift; path = CustomRoundedUIButton.swift; sourceTree = "<group>"; };
		DC02F35E280499E500A336DC /* StartViewController.swift */ = {isa = PBXFileReference; lastKnownFileType = sourcecode.swift; path = StartViewController.swift; sourceTree = "<group>"; };
		DC02F3602804A28C00A336DC /* LoginViewController.swift */ = {isa = PBXFileReference; lastKnownFileType = sourcecode.swift; path = LoginViewController.swift; sourceTree = "<group>"; };
		DC02F3622804A83900A336DC /* SignupViewController.swift */ = {isa = PBXFileReference; lastKnownFileType = sourcecode.swift; path = SignupViewController.swift; sourceTree = "<group>"; };
		DC0AF02E27BAD3EF0006830F /* ScheduleCell.swift */ = {isa = PBXFileReference; lastKnownFileType = sourcecode.swift; path = ScheduleCell.swift; sourceTree = "<group>"; };
		DC0AF03827BEC91B0006830F /* Schedule+constants.swift */ = {isa = PBXFileReference; lastKnownFileType = sourcecode.swift; path = "Schedule+constants.swift"; sourceTree = "<group>"; };
		DC15FF7A280A049800F2D10B /* UserProfileViewController.swift */ = {isa = PBXFileReference; lastKnownFileType = sourcecode.swift; path = UserProfileViewController.swift; sourceTree = "<group>"; };
		DC1826572808392D00A6A9CF /* GoogleService-Info.plist */ = {isa = PBXFileReference; fileEncoding = 4; lastKnownFileType = text.plist.xml; path = "GoogleService-Info.plist"; sourceTree = "<group>"; };
		DC283CC3280EE19200C7042B /* NavigationStackManager.swift */ = {isa = PBXFileReference; lastKnownFileType = sourcecode.swift; path = NavigationStackManager.swift; sourceTree = "<group>"; };
		DC494059282A699D00448ACC /* CustomProfileUIImageView.swift */ = {isa = PBXFileReference; lastKnownFileType = sourcecode.swift; path = CustomProfileUIImageView.swift; sourceTree = "<group>"; };
		DC49405B282C4CCB00448ACC /* UIIImageView+loadImages.swift */ = {isa = PBXFileReference; lastKnownFileType = sourcecode.swift; path = "UIIImageView+loadImages.swift"; sourceTree = "<group>"; };
		DC4CF89C281437E000DC1DA0 /* PasswordRecoveryViewController.swift */ = {isa = PBXFileReference; lastKnownFileType = sourcecode.swift; path = PasswordRecoveryViewController.swift; sourceTree = "<group>"; };
		DC4E5931287D9438003B2203 /* UICollectionView+scrollToLastItem+contentInsets.swift */ = {isa = PBXFileReference; lastKnownFileType = sourcecode.swift; path = "UICollectionView+scrollToLastItem+contentInsets.swift"; sourceTree = "<group>"; };
		DC4E5933287DAC36003B2203 /* AlertManager+singleton.swift */ = {isa = PBXFileReference; lastKnownFileType = sourcecode.swift; path = "AlertManager+singleton.swift"; sourceTree = "<group>"; };
		DC4E5935287DB05D003B2203 /* NavigationStackManager+singleton.swift */ = {isa = PBXFileReference; lastKnownFileType = sourcecode.swift; path = "NavigationStackManager+singleton.swift"; sourceTree = "<group>"; };
		DC4E5937287DB088003B2203 /* KeyboardManager+singleton.swift */ = {isa = PBXFileReference; lastKnownFileType = sourcecode.swift; path = "KeyboardManager+singleton.swift"; sourceTree = "<group>"; };
		DC4E5939287EF09C003B2203 /* CustomConfigurationUIButton.swift */ = {isa = PBXFileReference; lastKnownFileType = sourcecode.swift; path = CustomConfigurationUIButton.swift; sourceTree = "<group>"; };
		DC66C1C2281AE75D00B537E1 /* CustomUILabel.swift */ = {isa = PBXFileReference; lastKnownFileType = sourcecode.swift; path = CustomUILabel.swift; sourceTree = "<group>"; };
		DC6F677428215CB000481FE8 /* CustomScheduleUITextField.swift */ = {isa = PBXFileReference; fileEncoding = 4; lastKnownFileType = sourcecode.swift; path = CustomScheduleUITextField.swift; sourceTree = "<group>"; };
		DC6F677628215E5600481FE8 /* ScreenForSaveSubjectViewController.swift */ = {isa = PBXFileReference; fileEncoding = 4; lastKnownFileType = sourcecode.swift; path = ScreenForSaveSubjectViewController.swift; sourceTree = "<group>"; };
		DC6F677A28215E9800481FE8 /* UserManager+singleton.swift */ = {isa = PBXFileReference; fileEncoding = 4; lastKnownFileType = sourcecode.swift; path = "UserManager+singleton.swift"; sourceTree = "<group>"; };
		DC6F677E28215EAA00481FE8 /* UISegmentedControl+addItems.swift */ = {isa = PBXFileReference; fileEncoding = 4; lastKnownFileType = sourcecode.swift; path = "UISegmentedControl+addItems.swift"; sourceTree = "<group>"; };
		DC6F678028215EBF00481FE8 /* UserManager.swift */ = {isa = PBXFileReference; fileEncoding = 4; lastKnownFileType = sourcecode.swift; path = UserManager.swift; sourceTree = "<group>"; };
		DC6F67842821653900481FE8 /* Schedule.swift */ = {isa = PBXFileReference; fileEncoding = 4; lastKnownFileType = sourcecode.swift; path = Schedule.swift; sourceTree = "<group>"; };
		DC7E03FC27A98A1D00E036AE /* Companion.app */ = {isa = PBXFileReference; explicitFileType = wrapper.application; includeInIndex = 0; path = Companion.app; sourceTree = BUILT_PRODUCTS_DIR; };
		DC7E03FF27A98A1D00E036AE /* AppDelegate.swift */ = {isa = PBXFileReference; lastKnownFileType = sourcecode.swift; path = AppDelegate.swift; sourceTree = "<group>"; };
		DC7E040127A98A1D00E036AE /* SceneDelegate.swift */ = {isa = PBXFileReference; lastKnownFileType = sourcecode.swift; path = SceneDelegate.swift; sourceTree = "<group>"; };
		DC7E040327A98A1D00E036AE /* ScheduleViewController.swift */ = {isa = PBXFileReference; lastKnownFileType = sourcecode.swift; path = ScheduleViewController.swift; sourceTree = "<group>"; };
		DC7E040627A98A1D00E036AE /* Base */ = {isa = PBXFileReference; lastKnownFileType = file.storyboard; name = Base; path = Base.lproj/Main.storyboard; sourceTree = "<group>"; };
		DC7E040927A98A1D00E036AE /* Companion.xcdatamodel */ = {isa = PBXFileReference; lastKnownFileType = wrapper.xcdatamodel; path = Companion.xcdatamodel; sourceTree = "<group>"; };
		DC7E040B27A98A1E00E036AE /* Assets.xcassets */ = {isa = PBXFileReference; lastKnownFileType = folder.assetcatalog; path = Assets.xcassets; sourceTree = "<group>"; };
		DC7E040E27A98A1E00E036AE /* Base */ = {isa = PBXFileReference; lastKnownFileType = file.storyboard; name = Base; path = Base.lproj/LaunchScreen.storyboard; sourceTree = "<group>"; };
		DC7E041027A98A1E00E036AE /* Info.plist */ = {isa = PBXFileReference; lastKnownFileType = text.plist.xml; path = Info.plist; sourceTree = "<group>"; };
		DC92520027AE84DC00CC200B /* Color.swift */ = {isa = PBXFileReference; lastKnownFileType = sourcecode.swift; path = Color.swift; sourceTree = "<group>"; };
		DC96F3E42835175100774F49 /* Chat.swift */ = {isa = PBXFileReference; lastKnownFileType = sourcecode.swift; path = Chat.swift; sourceTree = "<group>"; };
		DC96F3E62835224000774F49 /* ChatCell.swift */ = {isa = PBXFileReference; lastKnownFileType = sourcecode.swift; path = ChatCell.swift; sourceTree = "<group>"; };
		DC96F3E8283524B600774F49 /* Chat+constants.swift */ = {isa = PBXFileReference; lastKnownFileType = sourcecode.swift; path = "Chat+constants.swift"; sourceTree = "<group>"; };
		DC97645B281D4D620088F271 /* UserDefaults+keys.swift */ = {isa = PBXFileReference; lastKnownFileType = sourcecode.swift; path = "UserDefaults+keys.swift"; sourceTree = "<group>"; };
		DC9F9D7E282E682200D48201 /* CustomProfileUIImageViewWithConfig.swift */ = {isa = PBXFileReference; lastKnownFileType = sourcecode.swift; path = CustomProfileUIImageViewWithConfig.swift; sourceTree = "<group>"; };
		DC9F9D80282EAA5400D48201 /* ChatCollectionViewController.swift */ = {isa = PBXFileReference; lastKnownFileType = sourcecode.swift; path = ChatCollectionViewController.swift; sourceTree = "<group>"; };
		DCA8EE912842C11A00B48A06 /* MessageCell.swift */ = {isa = PBXFileReference; lastKnownFileType = sourcecode.swift; path = MessageCell.swift; sourceTree = "<group>"; };
		DCA8EE932842C6DC00B48A06 /* Message+constants.swift */ = {isa = PBXFileReference; lastKnownFileType = sourcecode.swift; path = "Message+constants.swift"; sourceTree = "<group>"; };
		DCA8EE952845242E00B48A06 /* Storyboards+IdentifierKeys.swift */ = {isa = PBXFileReference; lastKnownFileType = sourcecode.swift; path = "Storyboards+IdentifierKeys.swift"; sourceTree = "<group>"; };
		DCB2046327B442AB00B26AAB /* UIView+constraints.swift */ = {isa = PBXFileReference; lastKnownFileType = sourcecode.swift; path = "UIView+constraints.swift"; sourceTree = "<group>"; };
		DCC2D67428786089000402F4 /* KeyboardManager.swift */ = {isa = PBXFileReference; lastKnownFileType = sourcecode.swift; path = KeyboardManager.swift; sourceTree = "<group>"; };
		DCC66220282D909600B915B2 /* FirebaseManager+singleton.swift */ = {isa = PBXFileReference; lastKnownFileType = sourcecode.swift; path = "FirebaseManager+singleton.swift"; sourceTree = "<group>"; };
		DCC66222282D910900B915B2 /* UIImageView+constants.swift */ = {isa = PBXFileReference; lastKnownFileType = sourcecode.swift; path = "UIImageView+constants.swift"; sourceTree = "<group>"; };
		DCDA642828252EA40002C09D /* MessengerTableViewController.swift */ = {isa = PBXFileReference; lastKnownFileType = sourcecode.swift; path = MessengerTableViewController.swift; sourceTree = "<group>"; };
		DCDA642A2825464F0002C09D /* ListOfUsersTableViewController.swift */ = {isa = PBXFileReference; lastKnownFileType = sourcecode.swift; path = ListOfUsersTableViewController.swift; sourceTree = "<group>"; };
		DCDA642E282553A70002C09D /* FirebaseManager.swift */ = {isa = PBXFileReference; lastKnownFileType = sourcecode.swift; path = FirebaseManager.swift; sourceTree = "<group>"; };
		DCDA6430282579280002C09D /* User.swift */ = {isa = PBXFileReference; lastKnownFileType = sourcecode.swift; path = User.swift; sourceTree = "<group>"; };
		DCDA64322825B9370002C09D /* UserCell.swift */ = {isa = PBXFileReference; lastKnownFileType = sourcecode.swift; path = UserCell.swift; sourceTree = "<group>"; };
		DCDA64342825BC400002C09D /* User+constants.swift */ = {isa = PBXFileReference; lastKnownFileType = sourcecode.swift; path = "User+constants.swift"; sourceTree = "<group>"; };
		DCF504E6287445FC006489C6 /* UserManager+constants.swift */ = {isa = PBXFileReference; lastKnownFileType = sourcecode.swift; path = "UserManager+constants.swift"; sourceTree = "<group>"; };
/* End PBXFileReference section */

/* Begin PBXFrameworksBuildPhase section */
		DC7E03F927A98A1D00E036AE /* Frameworks */ = {
			isa = PBXFrameworksBuildPhase;
			buildActionMask = 2147483647;
			files = (
				DC6953FF2881EED700732824 /* FirebaseDatabase in Frameworks */,
				DC6954012881EED700732824 /* FirebaseStorage in Frameworks */,
				DC6953FB2881EED700732824 /* FirebaseAnalytics in Frameworks */,
				DC6953FD2881EED700732824 /* FirebaseAuth in Frameworks */,
			);
			runOnlyForDeploymentPostprocessing = 0;
		};
/* End PBXFrameworksBuildPhase section */

/* Begin PBXGroup section */
		DC019319281ACDD600A799C0 /* Custom */ = {
			isa = PBXGroup;
			children = (
				DC9F9D852832893500D48201 /* UIButton */,
				DC9F9D872832895800D48201 /* UIImageView */,
				DC9F9D862832894600D48201 /* UILabel */,
				DC9F9D842832891500D48201 /* UITextField */,
			);
			path = Custom;
			sourceTree = "<group>";
		};
		DC0AF03127BAD40C0006830F /* Cell */ = {
			isa = PBXGroup;
			children = (
				DC0AF02E27BAD3EF0006830F /* ScheduleCell.swift */,
				DCDA64322825B9370002C09D /* UserCell.swift */,
				DC96F3E62835224000774F49 /* ChatCell.swift */,
				DCA8EE912842C11A00B48A06 /* MessageCell.swift */,
			);
			path = Cell;
			sourceTree = "<group>";
		};
		DC15FF76280A038200F2D10B /* Main */ = {
			isa = PBXGroup;
			children = (
				DCA8EE972848CDC100B48A06 /* Messenger */,
				DCA8EE982848CDDC00B48A06 /* Schedule */,
				DCA8EE992848CDE800B48A06 /* Profile */,
			);
			path = Main;
			sourceTree = "<group>";
		};
		DC15FF77280A043900F2D10B /* Auth */ = {
			isa = PBXGroup;
			children = (
				DC02F35E280499E500A336DC /* StartViewController.swift */,
				DC02F3602804A28C00A336DC /* LoginViewController.swift */,
				DC02F3622804A83900A336DC /* SignupViewController.swift */,
				DC4CF89C281437E000DC1DA0 /* PasswordRecoveryViewController.swift */,
			);
			path = Auth;
			sourceTree = "<group>";
		};
		DC7E03F327A98A1D00E036AE = {
			isa = PBXGroup;
			children = (
				DC7E03FE27A98A1D00E036AE /* Companion */,
				DC7E03FD27A98A1D00E036AE /* Products */,
			);
			sourceTree = "<group>";
		};
		DC7E03FD27A98A1D00E036AE /* Products */ = {
			isa = PBXGroup;
			children = (
				DC7E03FC27A98A1D00E036AE /* Companion.app */,
			);
			name = Products;
			sourceTree = "<group>";
		};
		DC7E03FE27A98A1D00E036AE /* Companion */ = {
			isa = PBXGroup;
			children = (
				DC7E041B27A98F6C00E036AE /* AppDelegate */,
				DC7E041627A98F2400E036AE /* Assets */,
				DC0AF03127BAD40C0006830F /* Cell */,
				DC7E040827A98A1D00E036AE /* Companion.xcdatamodeld */,
				DC7E041A27A98F6400E036AE /* Controller */,
				DC019319281ACDD600A799C0 /* Custom */,
				DC7E041827A98F4F00E036AE /* Extension */,
				DC1826572808392D00A6A9CF /* GoogleService-Info.plist */,
				DC7E041027A98A1E00E036AE /* Info.plist */,
				DC7E041727A98F3C00E036AE /* Manager */,
				DC7E041927A98F5D00E036AE /* Model */,
				DC7E042027A98FFF00E036AE /* Storyboard */,
			);
			path = Companion;
			sourceTree = "<group>";
		};
		DC7E041627A98F2400E036AE /* Assets */ = {
			isa = PBXGroup;
			children = (
				DC7E040B27A98A1E00E036AE /* Assets.xcassets */,
				DC92520027AE84DC00CC200B /* Color.swift */,
			);
			path = Assets;
			sourceTree = "<group>";
		};
		DC7E041727A98F3C00E036AE /* Manager */ = {
			isa = PBXGroup;
			children = (
				DC0193162819800900A799C0 /* AlertManager.swift */,
				DC6F678028215EBF00481FE8 /* UserManager.swift */,
				DCDA642E282553A70002C09D /* FirebaseManager.swift */,
				DC283CC3280EE19200C7042B /* NavigationStackManager.swift */,
				DCC2D67428786089000402F4 /* KeyboardManager.swift */,
			);
			path = Manager;
			sourceTree = "<group>";
		};
		DC7E041827A98F4F00E036AE /* Extension */ = {
			isa = PBXGroup;
			children = (
				DCB0CF212848D9BC00EE7B06 /* Methods */,
				DC96F3EC28352B2400774F49 /* Keys */,
				DC96F3EB28352AF000774F49 /* Singleton */,
				DC96F3EA28352AB300774F49 /* Constants */,
			);
			path = Extension;
			sourceTree = "<group>";
		};
		DC7E041927A98F5D00E036AE /* Model */ = {
			isa = PBXGroup;
			children = (
				DC6F67842821653900481FE8 /* Schedule.swift */,
				DCDA6430282579280002C09D /* User.swift */,
				DC96F3E42835175100774F49 /* Chat.swift */,
			);
			path = Model;
			sourceTree = "<group>";
		};
		DC7E041A27A98F6400E036AE /* Controller */ = {
			isa = PBXGroup;
			children = (
				DC15FF77280A043900F2D10B /* Auth */,
				DC15FF76280A038200F2D10B /* Main */,
			);
			path = Controller;
			sourceTree = "<group>";
		};
		DC7E041B27A98F6C00E036AE /* AppDelegate */ = {
			isa = PBXGroup;
			children = (
				DC7E03FF27A98A1D00E036AE /* AppDelegate.swift */,
				DC7E040127A98A1D00E036AE /* SceneDelegate.swift */,
			);
			path = AppDelegate;
			sourceTree = "<group>";
		};
		DC7E042027A98FFF00E036AE /* Storyboard */ = {
			isa = PBXGroup;
			children = (
				DC7E040D27A98A1E00E036AE /* LaunchScreen.storyboard */,
				DC7E040527A98A1D00E036AE /* Main.storyboard */,
			);
			path = Storyboard;
			sourceTree = "<group>";
		};
		DC96F3EA28352AB300774F49 /* Constants */ = {
			isa = PBXGroup;
			children = (
				DC0AF03827BEC91B0006830F /* Schedule+constants.swift */,
				DCDA64342825BC400002C09D /* User+constants.swift */,
				DCC66222282D910900B915B2 /* UIImageView+constants.swift */,
				DC96F3E8283524B600774F49 /* Chat+constants.swift */,
				DCA8EE932842C6DC00B48A06 /* Message+constants.swift */,
				DCF504E6287445FC006489C6 /* UserManager+constants.swift */,
			);
			path = Constants;
			sourceTree = "<group>";
		};
		DC96F3EB28352AF000774F49 /* Singleton */ = {
			isa = PBXGroup;
			children = (
				DC6F677A28215E9800481FE8 /* UserManager+singleton.swift */,
				DCC66220282D909600B915B2 /* FirebaseManager+singleton.swift */,
				DC4E5933287DAC36003B2203 /* AlertManager+singleton.swift */,
				DC4E5935287DB05D003B2203 /* NavigationStackManager+singleton.swift */,
				DC4E5937287DB088003B2203 /* KeyboardManager+singleton.swift */,
			);
			path = Singleton;
			sourceTree = "<group>";
		};
		DC96F3EC28352B2400774F49 /* Keys */ = {
			isa = PBXGroup;
			children = (
				DC97645B281D4D620088F271 /* UserDefaults+keys.swift */,
				DCA8EE952845242E00B48A06 /* Storyboards+IdentifierKeys.swift */,
			);
			path = Keys;
			sourceTree = "<group>";
		};
		DC9F9D842832891500D48201 /* UITextField */ = {
			isa = PBXGroup;
			children = (
				DC01931A281ACE1800A799C0 /* CustomAuthUITextField.swift */,
				DC6F677428215CB000481FE8 /* CustomScheduleUITextField.swift */,
			);
			path = UITextField;
			sourceTree = "<group>";
		};
		DC9F9D852832893500D48201 /* UIButton */ = {
			isa = PBXGroup;
			children = (
				DC01931C281AD3BA00A799C0 /* CustomRoundedUIButton.swift */,
				DC4E5939287EF09C003B2203 /* CustomConfigurationUIButton.swift */,
			);
			path = UIButton;
			sourceTree = "<group>";
		};
		DC9F9D862832894600D48201 /* UILabel */ = {
			isa = PBXGroup;
			children = (
				DC66C1C2281AE75D00B537E1 /* CustomUILabel.swift */,
			);
			path = UILabel;
			sourceTree = "<group>";
		};
		DC9F9D872832895800D48201 /* UIImageView */ = {
			isa = PBXGroup;
			children = (
				DC9F9D7E282E682200D48201 /* CustomProfileUIImageViewWithConfig.swift */,
				DC494059282A699D00448ACC /* CustomProfileUIImageView.swift */,
			);
			path = UIImageView;
			sourceTree = "<group>";
		};
		DCA8EE972848CDC100B48A06 /* Messenger */ = {
			isa = PBXGroup;
			children = (
				DCDA642828252EA40002C09D /* MessengerTableViewController.swift */,
				DCDA642A2825464F0002C09D /* ListOfUsersTableViewController.swift */,
				DC9F9D80282EAA5400D48201 /* ChatCollectionViewController.swift */,
			);
			path = Messenger;
			sourceTree = "<group>";
		};
		DCA8EE982848CDDC00B48A06 /* Schedule */ = {
			isa = PBXGroup;
			children = (
				DC7E040327A98A1D00E036AE /* ScheduleViewController.swift */,
				DC6F677628215E5600481FE8 /* ScreenForSaveSubjectViewController.swift */,
			);
			path = Schedule;
			sourceTree = "<group>";
		};
		DCA8EE992848CDE800B48A06 /* Profile */ = {
			isa = PBXGroup;
			children = (
				DC15FF7A280A049800F2D10B /* UserProfileViewController.swift */,
			);
			path = Profile;
			sourceTree = "<group>";
		};
		DCB0CF212848D9BC00EE7B06 /* Methods */ = {
			isa = PBXGroup;
			children = (
				DC6F677E28215EAA00481FE8 /* UISegmentedControl+addItems.swift */,
				DCB2046327B442AB00B26AAB /* UIView+constraints.swift */,
				DC49405B282C4CCB00448ACC /* UIIImageView+loadImages.swift */,
				DC4E5931287D9438003B2203 /* UICollectionView+scrollToLastItem+contentInsets.swift */,
			);
			path = Methods;
			sourceTree = "<group>";
		};
/* End PBXGroup section */

/* Begin PBXNativeTarget section */
		DC7E03FB27A98A1D00E036AE /* Companion */ = {
			isa = PBXNativeTarget;
			buildConfigurationList = DC7E041327A98A1E00E036AE /* Build configuration list for PBXNativeTarget "Companion" */;
			buildPhases = (
				DC7E03F827A98A1D00E036AE /* Sources */,
				DC7E03F927A98A1D00E036AE /* Frameworks */,
				DC7E03FA27A98A1D00E036AE /* Resources */,
				DC0AF02B27B7C17C0006830F /* ShellScript */,
			);
			buildRules = (
			);
			dependencies = (
			);
			name = Companion;
			packageProductDependencies = (
				DC6953FA2881EED700732824 /* FirebaseAnalytics */,
				DC6953FC2881EED700732824 /* FirebaseAuth */,
				DC6953FE2881EED700732824 /* FirebaseDatabase */,
				DC6954002881EED700732824 /* FirebaseStorage */,
			);
			productName = Companion;
			productReference = DC7E03FC27A98A1D00E036AE /* Companion.app */;
			productType = "com.apple.product-type.application";
		};
/* End PBXNativeTarget section */

/* Begin PBXProject section */
		DC7E03F427A98A1D00E036AE /* Project object */ = {
			isa = PBXProject;
			attributes = {
				BuildIndependentTargetsInParallel = 1;
				LastSwiftUpdateCheck = 1320;
				LastUpgradeCheck = 1320;
				TargetAttributes = {
					DC7E03FB27A98A1D00E036AE = {
						CreatedOnToolsVersion = 13.2.1;
					};
				};
			};
			buildConfigurationList = DC7E03F727A98A1D00E036AE /* Build configuration list for PBXProject "Companion" */;
			compatibilityVersion = "Xcode 13.0";
			developmentRegion = en;
			hasScannedForEncodings = 0;
			knownRegions = (
				en,
				Base,
			);
			mainGroup = DC7E03F327A98A1D00E036AE;
			packageReferences = (
				DC6953F92881EED700732824 /* XCRemoteSwiftPackageReference "firebase-ios-sdk" */,
			);
			productRefGroup = DC7E03FD27A98A1D00E036AE /* Products */;
			projectDirPath = "";
			projectRoot = "";
			targets = (
				DC7E03FB27A98A1D00E036AE /* Companion */,
			);
		};
/* End PBXProject section */

/* Begin PBXResourcesBuildPhase section */
		DC7E03FA27A98A1D00E036AE /* Resources */ = {
			isa = PBXResourcesBuildPhase;
			buildActionMask = 2147483647;
			files = (
				DC7E040F27A98A1E00E036AE /* LaunchScreen.storyboard in Resources */,
				DC1826582808392D00A6A9CF /* GoogleService-Info.plist in Resources */,
				DC7E040C27A98A1E00E036AE /* Assets.xcassets in Resources */,
				DC7E040727A98A1D00E036AE /* Main.storyboard in Resources */,
			);
			runOnlyForDeploymentPostprocessing = 0;
		};
/* End PBXResourcesBuildPhase section */

/* Begin PBXShellScriptBuildPhase section */
		DC0AF02B27B7C17C0006830F /* ShellScript */ = {
			isa = PBXShellScriptBuildPhase;
			buildActionMask = 2147483647;
			files = (
			);
			inputFileListPaths = (
			);
			inputPaths = (
			);
			outputFileListPaths = (
			);
			outputPaths = (
			);
			runOnlyForDeploymentPostprocessing = 0;
			shellPath = /bin/sh;
			shellScript = "if test -d \"/opt/homebrew/bin/\"; then\n  PATH=\"/opt/homebrew/bin/:${PATH}\"\nfi\n\nexport PATH\n\nif which swiftlint >/dev/null; then\n  swiftlint\nelse\n  echo \"warning: SwiftLint not installed, download from https://github.com/realm/SwiftLint\"\nfi\n";
		};
/* End PBXShellScriptBuildPhase section */

/* Begin PBXSourcesBuildPhase section */
		DC7E03F827A98A1D00E036AE /* Sources */ = {
			isa = PBXSourcesBuildPhase;
			buildActionMask = 2147483647;
			files = (
				DC6F677F28215EAA00481FE8 /* UISegmentedControl+addItems.swift in Sources */,
				DC0AF03927BEC91B0006830F /* Schedule+constants.swift in Sources */,
				DCA8EE962845242E00B48A06 /* Storyboards+IdentifierKeys.swift in Sources */,
				DCB2046427B442AB00B26AAB /* UIView+constraints.swift in Sources */,
				DC4CF89D281437E000DC1DA0 /* PasswordRecoveryViewController.swift in Sources */,
				DCDA64332825B9370002C09D /* UserCell.swift in Sources */,
				DC6F677B28215E9800481FE8 /* UserManager+singleton.swift in Sources */,
				DC9F9D7F282E682200D48201 /* CustomProfileUIImageViewWithConfig.swift in Sources */,
				DCF504E7287445FC006489C6 /* UserManager+constants.swift in Sources */,
				DC7E040427A98A1D00E036AE /* ScheduleViewController.swift in Sources */,
				DC4E5936287DB05D003B2203 /* NavigationStackManager+singleton.swift in Sources */,
				DCC66223282D910900B915B2 /* UIImageView+constants.swift in Sources */,
				DC4E5934287DAC36003B2203 /* AlertManager+singleton.swift in Sources */,
				DCDA642928252EA40002C09D /* MessengerTableViewController.swift in Sources */,
				DC96F3E52835175100774F49 /* Chat.swift in Sources */,
				DCA8EE942842C6DC00B48A06 /* Message+constants.swift in Sources */,
				DC9F9D81282EAA5500D48201 /* ChatCollectionViewController.swift in Sources */,
				DC6F677528215CB000481FE8 /* CustomScheduleUITextField.swift in Sources */,
				DC49405A282A699D00448ACC /* CustomProfileUIImageView.swift in Sources */,
				DC7E040027A98A1D00E036AE /* AppDelegate.swift in Sources */,
				DC0193172819800900A799C0 /* AlertManager.swift in Sources */,
				DC6F677728215E5600481FE8 /* ScreenForSaveSubjectViewController.swift in Sources */,
				DC02F35F280499E500A336DC /* StartViewController.swift in Sources */,
				DC4E5932287D9438003B2203 /* UICollectionView+scrollToLastItem+contentInsets.swift in Sources */,
				DC7E040A27A98A1D00E036AE /* Companion.xcdatamodeld in Sources */,
				DCDA642F282553A70002C09D /* FirebaseManager.swift in Sources */,
				DC4E5938287DB088003B2203 /* KeyboardManager+singleton.swift in Sources */,
				DCC66221282D909600B915B2 /* FirebaseManager+singleton.swift in Sources */,
				DC15FF7B280A049800F2D10B /* UserProfileViewController.swift in Sources */,
				DC0AF02F27BAD3EF0006830F /* ScheduleCell.swift in Sources */,
				DC92520127AE84DC00CC200B /* Color.swift in Sources */,
				DC66C1C3281AE75D00B537E1 /* CustomUILabel.swift in Sources */,
				DC49405C282C4CCB00448ACC /* UIIImageView+loadImages.swift in Sources */,
				DCA8EE922842C11A00B48A06 /* MessageCell.swift in Sources */,
				DCDA642B2825464F0002C09D /* ListOfUsersTableViewController.swift in Sources */,
				DC6F67852821653900481FE8 /* Schedule.swift in Sources */,
				DC6F678128215EBF00481FE8 /* UserManager.swift in Sources */,
				DC97645C281D4D620088F271 /* UserDefaults+keys.swift in Sources */,
				DC96F3E72835224000774F49 /* ChatCell.swift in Sources */,
				DCDA64352825BC400002C09D /* User+constants.swift in Sources */,
				DC02F3632804A83900A336DC /* SignupViewController.swift in Sources */,
				DC01931D281AD3BA00A799C0 /* CustomRoundedUIButton.swift in Sources */,
				DC283CC4280EE19200C7042B /* NavigationStackManager.swift in Sources */,
				DC01931B281ACE1800A799C0 /* CustomAuthUITextField.swift in Sources */,
				DCC2D67528786089000402F4 /* KeyboardManager.swift in Sources */,
				DC7E040227A98A1D00E036AE /* SceneDelegate.swift in Sources */,
				DC96F3E9283524B600774F49 /* Chat+constants.swift in Sources */,
				DC02F3612804A28C00A336DC /* LoginViewController.swift in Sources */,
				DCDA6431282579280002C09D /* User.swift in Sources */,
				DC4E593A287EF09C003B2203 /* CustomConfigurationUIButton.swift in Sources */,
			);
			runOnlyForDeploymentPostprocessing = 0;
		};
/* End PBXSourcesBuildPhase section */

/* Begin PBXVariantGroup section */
		DC7E040527A98A1D00E036AE /* Main.storyboard */ = {
			isa = PBXVariantGroup;
			children = (
				DC7E040627A98A1D00E036AE /* Base */,
			);
			name = Main.storyboard;
			sourceTree = "<group>";
		};
		DC7E040D27A98A1E00E036AE /* LaunchScreen.storyboard */ = {
			isa = PBXVariantGroup;
			children = (
				DC7E040E27A98A1E00E036AE /* Base */,
			);
			name = LaunchScreen.storyboard;
			sourceTree = "<group>";
		};
/* End PBXVariantGroup section */

/* Begin XCBuildConfiguration section */
		DC7E041127A98A1E00E036AE /* Debug */ = {
			isa = XCBuildConfiguration;
			buildSettings = {
				ALWAYS_SEARCH_USER_PATHS = NO;
				CLANG_ANALYZER_NONNULL = YES;
				CLANG_ANALYZER_NUMBER_OBJECT_CONVERSION = YES_AGGRESSIVE;
				CLANG_CXX_LANGUAGE_STANDARD = "gnu++17";
				CLANG_CXX_LIBRARY = "libc++";
				CLANG_ENABLE_MODULES = YES;
				CLANG_ENABLE_OBJC_ARC = YES;
				CLANG_ENABLE_OBJC_WEAK = YES;
				CLANG_WARN_BLOCK_CAPTURE_AUTORELEASING = YES;
				CLANG_WARN_BOOL_CONVERSION = YES;
				CLANG_WARN_COMMA = YES;
				CLANG_WARN_CONSTANT_CONVERSION = YES;
				CLANG_WARN_DEPRECATED_OBJC_IMPLEMENTATIONS = YES;
				CLANG_WARN_DIRECT_OBJC_ISA_USAGE = YES_ERROR;
				CLANG_WARN_DOCUMENTATION_COMMENTS = YES;
				CLANG_WARN_EMPTY_BODY = YES;
				CLANG_WARN_ENUM_CONVERSION = YES;
				CLANG_WARN_INFINITE_RECURSION = YES;
				CLANG_WARN_INT_CONVERSION = YES;
				CLANG_WARN_NON_LITERAL_NULL_CONVERSION = YES;
				CLANG_WARN_OBJC_IMPLICIT_RETAIN_SELF = YES;
				CLANG_WARN_OBJC_LITERAL_CONVERSION = YES;
				CLANG_WARN_OBJC_ROOT_CLASS = YES_ERROR;
				CLANG_WARN_QUOTED_INCLUDE_IN_FRAMEWORK_HEADER = YES;
				CLANG_WARN_RANGE_LOOP_ANALYSIS = YES;
				CLANG_WARN_STRICT_PROTOTYPES = YES;
				CLANG_WARN_SUSPICIOUS_MOVE = YES;
				CLANG_WARN_UNGUARDED_AVAILABILITY = YES_AGGRESSIVE;
				CLANG_WARN_UNREACHABLE_CODE = YES;
				CLANG_WARN__DUPLICATE_METHOD_MATCH = YES;
				COPY_PHASE_STRIP = NO;
				DEBUG_INFORMATION_FORMAT = dwarf;
				ENABLE_STRICT_OBJC_MSGSEND = YES;
				ENABLE_TESTABILITY = YES;
				GCC_C_LANGUAGE_STANDARD = gnu11;
				GCC_DYNAMIC_NO_PIC = NO;
				GCC_NO_COMMON_BLOCKS = YES;
				GCC_OPTIMIZATION_LEVEL = 0;
				GCC_PREPROCESSOR_DEFINITIONS = (
					"DEBUG=1",
					"$(inherited)",
				);
				GCC_WARN_64_TO_32_BIT_CONVERSION = YES;
				GCC_WARN_ABOUT_RETURN_TYPE = YES_ERROR;
				GCC_WARN_UNDECLARED_SELECTOR = YES;
				GCC_WARN_UNINITIALIZED_AUTOS = YES_AGGRESSIVE;
				GCC_WARN_UNUSED_FUNCTION = YES;
				GCC_WARN_UNUSED_VARIABLE = YES;
				IPHONEOS_DEPLOYMENT_TARGET = 15.2;
				MTL_ENABLE_DEBUG_INFO = INCLUDE_SOURCE;
				MTL_FAST_MATH = YES;
				ONLY_ACTIVE_ARCH = YES;
				SDKROOT = iphoneos;
				SWIFT_ACTIVE_COMPILATION_CONDITIONS = DEBUG;
				SWIFT_OPTIMIZATION_LEVEL = "-Onone";
			};
			name = Debug;
		};
		DC7E041227A98A1E00E036AE /* Release */ = {
			isa = XCBuildConfiguration;
			buildSettings = {
				ALWAYS_SEARCH_USER_PATHS = NO;
				CLANG_ANALYZER_NONNULL = YES;
				CLANG_ANALYZER_NUMBER_OBJECT_CONVERSION = YES_AGGRESSIVE;
				CLANG_CXX_LANGUAGE_STANDARD = "gnu++17";
				CLANG_CXX_LIBRARY = "libc++";
				CLANG_ENABLE_MODULES = YES;
				CLANG_ENABLE_OBJC_ARC = YES;
				CLANG_ENABLE_OBJC_WEAK = YES;
				CLANG_WARN_BLOCK_CAPTURE_AUTORELEASING = YES;
				CLANG_WARN_BOOL_CONVERSION = YES;
				CLANG_WARN_COMMA = YES;
				CLANG_WARN_CONSTANT_CONVERSION = YES;
				CLANG_WARN_DEPRECATED_OBJC_IMPLEMENTATIONS = YES;
				CLANG_WARN_DIRECT_OBJC_ISA_USAGE = YES_ERROR;
				CLANG_WARN_DOCUMENTATION_COMMENTS = YES;
				CLANG_WARN_EMPTY_BODY = YES;
				CLANG_WARN_ENUM_CONVERSION = YES;
				CLANG_WARN_INFINITE_RECURSION = YES;
				CLANG_WARN_INT_CONVERSION = YES;
				CLANG_WARN_NON_LITERAL_NULL_CONVERSION = YES;
				CLANG_WARN_OBJC_IMPLICIT_RETAIN_SELF = YES;
				CLANG_WARN_OBJC_LITERAL_CONVERSION = YES;
				CLANG_WARN_OBJC_ROOT_CLASS = YES_ERROR;
				CLANG_WARN_QUOTED_INCLUDE_IN_FRAMEWORK_HEADER = YES;
				CLANG_WARN_RANGE_LOOP_ANALYSIS = YES;
				CLANG_WARN_STRICT_PROTOTYPES = YES;
				CLANG_WARN_SUSPICIOUS_MOVE = YES;
				CLANG_WARN_UNGUARDED_AVAILABILITY = YES_AGGRESSIVE;
				CLANG_WARN_UNREACHABLE_CODE = YES;
				CLANG_WARN__DUPLICATE_METHOD_MATCH = YES;
				COPY_PHASE_STRIP = NO;
				DEBUG_INFORMATION_FORMAT = "dwarf-with-dsym";
				ENABLE_NS_ASSERTIONS = NO;
				ENABLE_STRICT_OBJC_MSGSEND = YES;
				GCC_C_LANGUAGE_STANDARD = gnu11;
				GCC_NO_COMMON_BLOCKS = YES;
				GCC_WARN_64_TO_32_BIT_CONVERSION = YES;
				GCC_WARN_ABOUT_RETURN_TYPE = YES_ERROR;
				GCC_WARN_UNDECLARED_SELECTOR = YES;
				GCC_WARN_UNINITIALIZED_AUTOS = YES_AGGRESSIVE;
				GCC_WARN_UNUSED_FUNCTION = YES;
				GCC_WARN_UNUSED_VARIABLE = YES;
				IPHONEOS_DEPLOYMENT_TARGET = 15.2;
				MTL_ENABLE_DEBUG_INFO = NO;
				MTL_FAST_MATH = YES;
				SDKROOT = iphoneos;
				SWIFT_COMPILATION_MODE = wholemodule;
				SWIFT_OPTIMIZATION_LEVEL = "-O";
				VALIDATE_PRODUCT = YES;
			};
			name = Release;
		};
		DC7E041427A98A1E00E036AE /* Debug */ = {
			isa = XCBuildConfiguration;
			buildSettings = {
				ASSETCATALOG_COMPILER_APPICON_NAME = AppIcon;
				ASSETCATALOG_COMPILER_GLOBAL_ACCENT_COLOR_NAME = AccentColor;
				CODE_SIGN_STYLE = Automatic;
				CURRENT_PROJECT_VERSION = 1;
				DEVELOPMENT_TEAM = 88RH8RT76F;
				GENERATE_INFOPLIST_FILE = YES;
				INFOPLIST_FILE = Companion/Info.plist;
				INFOPLIST_KEY_UIApplicationSupportsIndirectInputEvents = YES;
				INFOPLIST_KEY_UILaunchStoryboardName = LaunchScreen;
				INFOPLIST_KEY_UIMainStoryboardFile = Main;
				INFOPLIST_KEY_UISupportedInterfaceOrientations_iPad = "UIInterfaceOrientationPortrait UIInterfaceOrientationPortraitUpsideDown UIInterfaceOrientationLandscapeLeft UIInterfaceOrientationLandscapeRight";
				INFOPLIST_KEY_UISupportedInterfaceOrientations_iPhone = "UIInterfaceOrientationPortrait UIInterfaceOrientationLandscapeLeft UIInterfaceOrientationLandscapeRight";
				LD_RUNPATH_SEARCH_PATHS = (
					"$(inherited)",
					"@executable_path/Frameworks",
				);
				MARKETING_VERSION = 1.0;
				PRODUCT_BUNDLE_IDENTIFIER = AnatoliStepanuke.Companion;
				PRODUCT_NAME = "$(TARGET_NAME)";
				SWIFT_EMIT_LOC_STRINGS = YES;
				SWIFT_VERSION = 5.0;
				TARGETED_DEVICE_FAMILY = "1,2";
			};
			name = Debug;
		};
		DC7E041527A98A1E00E036AE /* Release */ = {
			isa = XCBuildConfiguration;
			buildSettings = {
				ASSETCATALOG_COMPILER_APPICON_NAME = AppIcon;
				ASSETCATALOG_COMPILER_GLOBAL_ACCENT_COLOR_NAME = AccentColor;
				CODE_SIGN_STYLE = Automatic;
				CURRENT_PROJECT_VERSION = 1;
				DEVELOPMENT_TEAM = 88RH8RT76F;
				GENERATE_INFOPLIST_FILE = YES;
				INFOPLIST_FILE = Companion/Info.plist;
				INFOPLIST_KEY_UIApplicationSupportsIndirectInputEvents = YES;
				INFOPLIST_KEY_UILaunchStoryboardName = LaunchScreen;
				INFOPLIST_KEY_UIMainStoryboardFile = Main;
				INFOPLIST_KEY_UISupportedInterfaceOrientations_iPad = "UIInterfaceOrientationPortrait UIInterfaceOrientationPortraitUpsideDown UIInterfaceOrientationLandscapeLeft UIInterfaceOrientationLandscapeRight";
				INFOPLIST_KEY_UISupportedInterfaceOrientations_iPhone = "UIInterfaceOrientationPortrait UIInterfaceOrientationLandscapeLeft UIInterfaceOrientationLandscapeRight";
				LD_RUNPATH_SEARCH_PATHS = (
					"$(inherited)",
					"@executable_path/Frameworks",
				);
				MARKETING_VERSION = 1.0;
				PRODUCT_BUNDLE_IDENTIFIER = AnatoliStepanuke.Companion;
				PRODUCT_NAME = "$(TARGET_NAME)";
				SWIFT_EMIT_LOC_STRINGS = YES;
				SWIFT_VERSION = 5.0;
				TARGETED_DEVICE_FAMILY = "1,2";
			};
			name = Release;
		};
/* End XCBuildConfiguration section */

/* Begin XCConfigurationList section */
		DC7E03F727A98A1D00E036AE /* Build configuration list for PBXProject "Companion" */ = {
			isa = XCConfigurationList;
			buildConfigurations = (
				DC7E041127A98A1E00E036AE /* Debug */,
				DC7E041227A98A1E00E036AE /* Release */,
			);
			defaultConfigurationIsVisible = 0;
			defaultConfigurationName = Release;
		};
		DC7E041327A98A1E00E036AE /* Build configuration list for PBXNativeTarget "Companion" */ = {
			isa = XCConfigurationList;
			buildConfigurations = (
				DC7E041427A98A1E00E036AE /* Debug */,
				DC7E041527A98A1E00E036AE /* Release */,
			);
			defaultConfigurationIsVisible = 0;
			defaultConfigurationName = Release;
		};
/* End XCConfigurationList section */

/* Begin XCRemoteSwiftPackageReference section */
		DC6953F92881EED700732824 /* XCRemoteSwiftPackageReference "firebase-ios-sdk" */ = {
			isa = XCRemoteSwiftPackageReference;
			repositoryURL = "https://github.com/firebase/firebase-ios-sdk";
			requirement = {
				kind = upToNextMinorVersion;
				minimumVersion = 9.3.0;
			};
		};
/* End XCRemoteSwiftPackageReference section */

/* Begin XCSwiftPackageProductDependency section */
		DC6953FA2881EED700732824 /* FirebaseAnalytics */ = {
			isa = XCSwiftPackageProductDependency;
			package = DC6953F92881EED700732824 /* XCRemoteSwiftPackageReference "firebase-ios-sdk" */;
			productName = FirebaseAnalytics;
		};
		DC6953FC2881EED700732824 /* FirebaseAuth */ = {
			isa = XCSwiftPackageProductDependency;
			package = DC6953F92881EED700732824 /* XCRemoteSwiftPackageReference "firebase-ios-sdk" */;
			productName = FirebaseAuth;
		};
		DC6953FE2881EED700732824 /* FirebaseDatabase */ = {
			isa = XCSwiftPackageProductDependency;
			package = DC6953F92881EED700732824 /* XCRemoteSwiftPackageReference "firebase-ios-sdk" */;
			productName = FirebaseDatabase;
		};
		DC6954002881EED700732824 /* FirebaseStorage */ = {
			isa = XCSwiftPackageProductDependency;
			package = DC6953F92881EED700732824 /* XCRemoteSwiftPackageReference "firebase-ios-sdk" */;
			productName = FirebaseStorage;
		};
/* End XCSwiftPackageProductDependency section */

/* Begin XCVersionGroup section */
		DC7E040827A98A1D00E036AE /* Companion.xcdatamodeld */ = {
			isa = XCVersionGroup;
			children = (
				DC7E040927A98A1D00E036AE /* Companion.xcdatamodel */,
			);
			currentVersion = DC7E040927A98A1D00E036AE /* Companion.xcdatamodel */;
			path = Companion.xcdatamodeld;
			sourceTree = "<group>";
			versionGroupType = wrapper.xcdatamodel;
		};
/* End XCVersionGroup section */
	};
	rootObject = DC7E03F427A98A1D00E036AE /* Project object */;
}
